
Microsoft Visual Studio Solution File, Format Version 12.00
# Visual Studio Version 16
VisualStudioVersion = 16.0.31105.61
MinimumVisualStudioVersion = 10.0.40219.1
Project("{FAE04EC0-301F-11D3-BF4B-00C04F79EFBC}") = "Presentacion", "Presentacion\Presentacion.csproj", "{92E0BC6E-6588-4802-B8D7-6D6581FB7770}"
EndProject
Project("{FAE04EC0-301F-11D3-BF4B-00C04F79EFBC}") = "Entity", "Entity\Entity.csproj", "{F1DE9F17-1E2D-45F2-955D-D9DC07581E99}"
EndProject
Global
	GlobalSection(SolutionConfigurationPlatforms) = preSolution
		Debug|Any CPU = Debug|Any CPU
		Release|Any CPU = Release|Any CPU
	EndGlobalSection
	GlobalSection(ProjectConfigurationPlatforms) = postSolution
		{92E0BC6E-6588-4802-B8D7-6D6581FB7770}.Debug|Any CPU.ActiveCfg = Debug|Any CPU
		{92E0BC6E-6588-4802-B8D7-6D6581FB7770}.Debug|Any CPU.Build.0 = Debug|Any CPU
		{92E0BC6E-6588-4802-B8D7-6D6581FB7770}.Release|Any CPU.ActiveCfg = Release|Any CPU
		{92E0BC6E-6588-4802-B8D7-6D6581FB7770}.Release|Any CPU.Build.0 = Release|Any CPU
		{F1DE9F17-1E2D-45F2-955D-D9DC07581E99}.Debug|Any CPU.ActiveCfg = Debug|Any CPU
		{F1DE9F17-1E2D-45F2-955D-D9DC07581E99}.Debug|Any CPU.Build.0 = Debug|Any CPU
		{F1DE9F17-1E2D-45F2-955D-D9DC07581E99}.Release|Any CPU.ActiveCfg = Release|Any CPU
		{F1DE9F17-1E2D-45F2-955D-D9DC07581E99}.Release|Any CPU.Build.0 = Release|Any CPU
	EndGlobalSection
	GlobalSection(SolutionProperties) = preSolution
		HideSolutionNode = FALSE
	EndGlobalSection
	GlobalSection(ExtensibilityGlobals) = postSolution
		SolutionGuid = {651290E0-697D-464E-8CED-A65C41431837}
	EndGlobalSection
EndGlobal
